
Microsoft Visual Studio Solution File, Format Version 12.00
# Visual Studio Version 17
VisualStudioVersion = 17.3.32804.467
MinimumVisualStudioVersion = 10.0.40219.1
Project("{9A19103F-16F7-4668-BE54-9A1E7A4F7556}") = "AoC.Console", "AoC.Console\AoC.Console.csproj", "{69CF9F4F-D007-42F7-9D64-83625B673366}"
EndProject
Project("{2150E333-8FDC-42A3-9474-1A3956D46DE8}") = "Solution Items", "Solution Items", "{21582D9F-2F73-4B9D-AD69-C3FD8DD96BB7}"
	ProjectSection(SolutionItems) = preProject
		.editorconfig = .editorconfig
	EndProjectSection
EndProject
Global
	GlobalSection(SolutionConfigurationPlatforms) = preSolution
		Debug|Any CPU = Debug|Any CPU
		Release|Any CPU = Release|Any CPU
	EndGlobalSection
	GlobalSection(ProjectConfigurationPlatforms) = postSolution
		{69CF9F4F-D007-42F7-9D64-83625B673366}.Debug|Any CPU.ActiveCfg = Debug|Any CPU
		{69CF9F4F-D007-42F7-9D64-83625B673366}.Debug|Any CPU.Build.0 = Debug|Any CPU
		{69CF9F4F-D007-42F7-9D64-83625B673366}.Release|Any CPU.ActiveCfg = Release|Any CPU
		{69CF9F4F-D007-42F7-9D64-83625B673366}.Release|Any CPU.Build.0 = Release|Any CPU
	EndGlobalSection
	GlobalSection(SolutionProperties) = preSolution
		HideSolutionNode = FALSE
	EndGlobalSection
	GlobalSection(ExtensibilityGlobals) = postSolution
		SolutionGuid = {757BF03F-8D21-40DD-9269-7D0BB5024F43}
	EndGlobalSection
EndGlobal
